
Microsoft Visual Studio Solution File, Format Version 11.00
# Visual Basic Express 2010
Project("{F184B08F-C81C-45F6-A57F-5ABD9991F28F}") = "ColdTurkey", "ColdTurkey.vbproj", "{F27203E3-4E3F-413E-B5E5-9B8739CCD2BE}"
EndProject
Global
	GlobalSection(SolutionConfigurationPlatforms) = preSolution
		Debug|x86 = Debug|x86
		Release|x86 = Release|x86
	EndGlobalSection
	GlobalSection(ProjectConfigurationPlatforms) = postSolution
		{F27203E3-4E3F-413E-B5E5-9B8739CCD2BE}.Debug|x86.ActiveCfg = Debug|x86
		{F27203E3-4E3F-413E-B5E5-9B8739CCD2BE}.Debug|x86.Build.0 = Debug|x86
		{F27203E3-4E3F-413E-B5E5-9B8739CCD2BE}.Release|x86.ActiveCfg = Release|x86
		{F27203E3-4E3F-413E-B5E5-9B8739CCD2BE}.Release|x86.Build.0 = Release|x86
	EndGlobalSection
	GlobalSection(SolutionProperties) = preSolution
		HideSolutionNode = FALSE
	EndGlobalSection
EndGlobal
